
Microsoft Visual Studio Solution File, Format Version 12.00
# Visual Studio Version 17
VisualStudioVersion = 17.3.32929.385
MinimumVisualStudioVersion = 10.0.40219.1
Project("{FAE04EC0-301F-11D3-BF4B-00C04F79EFBC}") = "TicTacToe", "TicTacToe\TicTacToe.csproj", "{81790F6B-0BD0-4FF7-BC69-ACE5B964F3E2}"
EndProject
Global
	GlobalSection(SolutionConfigurationPlatforms) = preSolution
		Debug|Any CPU = Debug|Any CPU
		Release|Any CPU = Release|Any CPU
	EndGlobalSection
	GlobalSection(ProjectConfigurationPlatforms) = postSolution
		{81790F6B-0BD0-4FF7-BC69-ACE5B964F3E2}.Debug|Any CPU.ActiveCfg = Debug|Any CPU
		{81790F6B-0BD0-4FF7-BC69-ACE5B964F3E2}.Debug|Any CPU.Build.0 = Debug|Any CPU
		{81790F6B-0BD0-4FF7-BC69-ACE5B964F3E2}.Release|Any CPU.ActiveCfg = Release|Any CPU
		{81790F6B-0BD0-4FF7-BC69-ACE5B964F3E2}.Release|Any CPU.Build.0 = Release|Any CPU
	EndGlobalSection
	GlobalSection(SolutionProperties) = preSolution
		HideSolutionNode = FALSE
	EndGlobalSection
	GlobalSection(ExtensibilityGlobals) = postSolution
		SolutionGuid = {B90CB7FA-3FAC-471D-93FB-D036DC3653B2}
	EndGlobalSection
EndGlobal
